version = 1
revision = 1
requires-python = ">=3.12"

[[package]]
name = "anyio"
version = "4.9.0"
source = { registry = "https://pypi.org/simple" }
dependencies = [
    { name = "idna" },
    { name = "sniffio" },
    { name = "typing-extensions", marker = "python_full_version < '3.13'" },
]
sdist = { url = "https://files.pythonhosted.org/packages/95/7d/4c1bd541d4dffa1b52bd83fb8527089e097a106fc90b467a7313b105f840/anyio-4.9.0.tar.gz", hash = "sha256:673c0c244e15788651a4ff38710fea9675823028a6f08a5eda409e0c9840a028", size = 190949 }
wheels = [
    { url = "https://files.pythonhosted.org/packages/a1/ee/48ca1a7c89ffec8b6a0c5d02b89c305671d5ffd8d3c94acf8b8c408575bb/anyio-4.9.0-py3-none-any.whl", hash = "sha256:9f76d541cad6e36af7beb62e978876f3b41e3e04f2c1fbf0884604c0a9c4d93c", size = 100916 },
]

[[package]]
name = "certifi"
version = "2025.4.26"
source = { registry = "https://pypi.org/simple" }
sdist = { url = "https://files.pythonhosted.org/packages/e8/9e/c05b3920a3b7d20d3d3310465f50348e5b3694f4f88c6daf736eef3024c4/certifi-2025.4.26.tar.gz", hash = "sha256:0a816057ea3cdefcef70270d2c515e4506bbc954f417fa5ade2021213bb8f0c6", size = 160705 }
wheels = [
    { url = "https://files.pythonhosted.org/packages/4a/7e/3db2bd1b1f9e95f7cddca6d6e75e2f2bd9f51b1246e546d88addca0106bd/certifi-2025.4.26-py3-none-any.whl", hash = "sha256:30350364dfe371162649852c63336a15c70c6510c2ad5015b21c2345311805f3", size = 159618 },
]

[[package]]
name = "cffi"
version = "1.17.1"
source = { registry = "https://pypi.org/simple" }
dependencies = [
    { name = "pycparser" },
]
sdist = { url = "https://files.pythonhosted.org/packages/fc/97/c783634659c2920c3fc70419e3af40972dbaf758daa229a7d6ea6135c90d/cffi-1.17.1.tar.gz", hash = "sha256:1c39c6016c32bc48dd54561950ebd6836e1670f2ae46128f67cf49e789c52824", size = 516621 }
wheels = [
    { url = "https://files.pythonhosted.org/packages/5a/84/e94227139ee5fb4d600a7a4927f322e1d4aea6fdc50bd3fca8493caba23f/cffi-1.17.1-cp312-cp312-macosx_10_9_x86_64.whl", hash = "sha256:805b4371bf7197c329fcb3ead37e710d1bca9da5d583f5073b799d5c5bd1eee4", size = 183178 },
    { url = "https://files.pythonhosted.org/packages/da/ee/fb72c2b48656111c4ef27f0f91da355e130a923473bf5ee75c5643d00cca/cffi-1.17.1-cp312-cp312-macosx_11_0_arm64.whl", hash = "sha256:733e99bc2df47476e3848417c5a4540522f234dfd4ef3ab7fafdf555b082ec0c", size = 178840 },
    { url = "https://files.pythonhosted.org/packages/cc/b6/db007700f67d151abadf508cbfd6a1884f57eab90b1bb985c4c8c02b0f28/cffi-1.17.1-cp312-cp312-manylinux_2_12_i686.manylinux2010_i686.manylinux_2_17_i686.manylinux2014_i686.whl", hash = "sha256:1257bdabf294dceb59f5e70c64a3e2f462c30c7ad68092d01bbbfb1c16b1ba36", size = 454803 },
    { url = "https://files.pythonhosted.org/packages/1a/df/f8d151540d8c200eb1c6fba8cd0dfd40904f1b0682ea705c36e6c2e97ab3/cffi-1.17.1-cp312-cp312-manylinux_2_17_aarch64.manylinux2014_aarch64.whl", hash = "sha256:da95af8214998d77a98cc14e3a3bd00aa191526343078b530ceb0bd710fb48a5", size = 478850 },
    { url = "https://files.pythonhosted.org/packages/28/c0/b31116332a547fd2677ae5b78a2ef662dfc8023d67f41b2a83f7c2aa78b1/cffi-1.17.1-cp312-cp312-manylinux_2_17_ppc64le.manylinux2014_ppc64le.whl", hash = "sha256:d63afe322132c194cf832bfec0dc69a99fb9bb6bbd550f161a49e9e855cc78ff", size = 485729 },
    { url = "https://files.pythonhosted.org/packages/91/2b/9a1ddfa5c7f13cab007a2c9cc295b70fbbda7cb10a286aa6810338e60ea1/cffi-1.17.1-cp312-cp312-manylinux_2_17_s390x.manylinux2014_s390x.whl", hash = "sha256:f79fc4fc25f1c8698ff97788206bb3c2598949bfe0fef03d299eb1b5356ada99", size = 471256 },
    { url = "https://files.pythonhosted.org/packages/b2/d5/da47df7004cb17e4955df6a43d14b3b4ae77737dff8bf7f8f333196717bf/cffi-1.17.1-cp312-cp312-manylinux_2_17_x86_64.manylinux2014_x86_64.whl", hash = "sha256:b62ce867176a75d03a665bad002af8e6d54644fad99a3c70905c543130e39d93", size = 479424 },
    { url = "https://files.pythonhosted.org/packages/0b/ac/2a28bcf513e93a219c8a4e8e125534f4f6db03e3179ba1c45e949b76212c/cffi-1.17.1-cp312-cp312-musllinux_1_1_aarch64.whl", hash = "sha256:386c8bf53c502fff58903061338ce4f4950cbdcb23e2902d86c0f722b786bbe3", size = 484568 },
    { url = "https://files.pythonhosted.org/packages/d4/38/ca8a4f639065f14ae0f1d9751e70447a261f1a30fa7547a828ae08142465/cffi-1.17.1-cp312-cp312-musllinux_1_1_x86_64.whl", hash = "sha256:4ceb10419a9adf4460ea14cfd6bc43d08701f0835e979bf821052f1805850fe8", size = 488736 },
    { url = "https://files.pythonhosted.org/packages/86/c5/28b2d6f799ec0bdecf44dced2ec5ed43e0eb63097b0f58c293583b406582/cffi-1.17.1-cp312-cp312-win32.whl", hash = "sha256:a08d7e755f8ed21095a310a693525137cfe756ce62d066e53f502a83dc550f65", size = 172448 },
    { url = "https://files.pythonhosted.org/packages/50/b9/db34c4755a7bd1cb2d1603ac3863f22bcecbd1ba29e5ee841a4bc510b294/cffi-1.17.1-cp312-cp312-win_amd64.whl", hash = "sha256:51392eae71afec0d0c8fb1a53b204dbb3bcabcb3c9b807eedf3e1e6ccf2de903", size = 181976 },
    { url = "https://files.pythonhosted.org/packages/8d/f8/dd6c246b148639254dad4d6803eb6a54e8c85c6e11ec9df2cffa87571dbe/cffi-1.17.1-cp313-cp313-macosx_10_13_x86_64.whl", hash = "sha256:f3a2b4222ce6b60e2e8b337bb9596923045681d71e5a082783484d845390938e", size = 182989 },
    { url = "https://files.pythonhosted.org/packages/8b/f1/672d303ddf17c24fc83afd712316fda78dc6fce1cd53011b839483e1ecc8/cffi-1.17.1-cp313-cp313-macosx_11_0_arm64.whl", hash = "sha256:0984a4925a435b1da406122d4d7968dd861c1385afe3b45ba82b750f229811e2", size = 178802 },
    { url = "https://files.pythonhosted.org/packages/0e/2d/eab2e858a91fdff70533cab61dcff4a1f55ec60425832ddfdc9cd36bc8af/cffi-1.17.1-cp313-cp313-manylinux_2_12_i686.manylinux2010_i686.manylinux_2_17_i686.manylinux2014_i686.whl", hash = "sha256:d01b12eeeb4427d3110de311e1774046ad344f5b1a7403101878976ecd7a10f3", size = 454792 },
    { url = "https://files.pythonhosted.org/packages/75/b2/fbaec7c4455c604e29388d55599b99ebcc250a60050610fadde58932b7ee/cffi-1.17.1-cp313-cp313-manylinux_2_17_aarch64.manylinux2014_aarch64.whl", hash = "sha256:706510fe141c86a69c8ddc029c7910003a17353970cff3b904ff0686a5927683", size = 478893 },
    { url = "https://files.pythonhosted.org/packages/4f/b7/6e4a2162178bf1935c336d4da8a9352cccab4d3a5d7914065490f08c0690/cffi-1.17.1-cp313-cp313-manylinux_2_17_ppc64le.manylinux2014_ppc64le.whl", hash = "sha256:de55b766c7aa2e2a3092c51e0483d700341182f08e67c63630d5b6f200bb28e5", size = 485810 },
    { url = "https://files.pythonhosted.org/packages/c7/8a/1d0e4a9c26e54746dc08c2c6c037889124d4f59dffd853a659fa545f1b40/cffi-1.17.1-cp313-cp313-manylinux_2_17_s390x.manylinux2014_s390x.whl", hash = "sha256:c59d6e989d07460165cc5ad3c61f9fd8f1b4796eacbd81cee78957842b834af4", size = 471200 },
    { url = "https://files.pythonhosted.org/packages/26/9f/1aab65a6c0db35f43c4d1b4f580e8df53914310afc10ae0397d29d697af4/cffi-1.17.1-cp313-cp313-manylinux_2_17_x86_64.manylinux2014_x86_64.whl", hash = "sha256:dd398dbc6773384a17fe0d3e7eeb8d1a21c2200473ee6806bb5e6a8e62bb73dd", size = 479447 },
    { url = "https://files.pythonhosted.org/packages/5f/e4/fb8b3dd8dc0e98edf1135ff067ae070bb32ef9d509d6cb0f538cd6f7483f/cffi-1.17.1-cp313-cp313-musllinux_1_1_aarch64.whl", hash = "sha256:3edc8d958eb099c634dace3c7e16560ae474aa3803a5df240542b305d14e14ed", size = 484358 },
    { url = "https://files.pythonhosted.org/packages/f1/47/d7145bf2dc04684935d57d67dff9d6d795b2ba2796806bb109864be3a151/cffi-1.17.1-cp313-cp313-musllinux_1_1_x86_64.whl", hash = "sha256:72e72408cad3d5419375fc87d289076ee319835bdfa2caad331e377589aebba9", size = 488469 },
    { url = "https://files.pythonhosted.org/packages/bf/ee/f94057fa6426481d663b88637a9a10e859e492c73d0384514a17d78ee205/cffi-1.17.1-cp313-cp313-win32.whl", hash = "sha256:e03eab0a8677fa80d646b5ddece1cbeaf556c313dcfac435ba11f107ba117b5d", size = 172475 },
    { url = "https://files.pythonhosted.org/packages/7c/fc/6a8cb64e5f0324877d503c854da15d76c1e50eb722e320b15345c4d0c6de/cffi-1.17.1-cp313-cp313-win_amd64.whl", hash = "sha256:f6a16c31041f09ead72d69f583767292f750d24913dadacf5756b966aacb3f1a", size = 182009 },
]

[[package]]
name = "cryptography"
version = "45.0.2"
source = { registry = "https://pypi.org/simple" }
dependencies = [
    { name = "cffi", marker = "platform_python_implementation != 'PyPy'" },
]
sdist = { url = "https://files.pythonhosted.org/packages/f6/47/92a8914716f2405f33f1814b97353e3cfa223cd94a77104075d42de3099e/cryptography-45.0.2.tar.gz", hash = "sha256:d784d57b958ffd07e9e226d17272f9af0c41572557604ca7554214def32c26bf", size = 743865 }
wheels = [
    { url = "https://files.pythonhosted.org/packages/3d/2f/46b9e715157643ad16f039ec3c3c47d174da6f825bf5034b1c5f692ab9e2/cryptography-45.0.2-cp311-abi3-macosx_10_9_universal2.whl", hash = "sha256:61a8b1bbddd9332917485b2453d1de49f142e6334ce1d97b7916d5a85d179c84", size = 7043448 },
    { url = "https://files.pythonhosted.org/packages/90/52/49e6c86278e1b5ec226e96b62322538ccc466306517bf9aad8854116a088/cryptography-45.0.2-cp311-abi3-manylinux_2_17_aarch64.manylinux2014_aarch64.whl", hash = "sha256:4cc31c66411e14dd70e2f384a9204a859dc25b05e1f303df0f5326691061b839", size = 4201098 },
    { url = "https://files.pythonhosted.org/packages/7b/3a/201272539ac5b66b4cb1af89021e423fc0bfacb73498950280c51695fb78/cryptography-45.0.2-cp311-abi3-manylinux_2_17_x86_64.manylinux2014_x86_64.whl", hash = "sha256:463096533acd5097f8751115bc600b0b64620c4aafcac10c6d0041e6e68f88fe", size = 4429839 },
    { url = "https://files.pythonhosted.org/packages/99/89/fa1a84832b8f8f3917875cb15324bba98def5a70175a889df7d21a45dc75/cryptography-45.0.2-cp311-abi3-manylinux_2_28_aarch64.whl", hash = "sha256:cdafb86eb673c3211accffbffdb3cdffa3aaafacd14819e0898d23696d18e4d3", size = 4205154 },
    { url = "https://files.pythonhosted.org/packages/1c/c5/5225d5230d538ab461725711cf5220560a813d1eb68bafcfb00131b8f631/cryptography-45.0.2-cp311-abi3-manylinux_2_28_armv7l.manylinux_2_31_armv7l.whl", hash = "sha256:05c2385b1f5c89a17df19900cfb1345115a77168f5ed44bdf6fd3de1ce5cc65b", size = 3897145 },
    { url = "https://files.pythonhosted.org/packages/fe/24/f19aae32526cc55ae17d473bc4588b1234af2979483d99cbfc57e55ffea6/cryptography-45.0.2-cp311-abi3-manylinux_2_28_x86_64.whl", hash = "sha256:e9e4bdcd70216b08801e267c0b563316b787f957a46e215249921f99288456f9", size = 4462192 },
    { url = "https://files.pythonhosted.org/packages/19/18/4a69ac95b0b3f03355970baa6c3f9502bbfc54e7df81fdb179654a00f48e/cryptography-45.0.2-cp311-abi3-manylinux_2_34_aarch64.whl", hash = "sha256:b2de529027579e43b6dc1f805f467b102fb7d13c1e54c334f1403ee2b37d0059", size = 4208093 },
    { url = "https://files.pythonhosted.org/packages/7c/54/2dea55ccc9558b8fa14f67156250b6ee231e31765601524e4757d0b5db6b/cryptography-45.0.2-cp311-abi3-manylinux_2_34_x86_64.whl", hash = "sha256:10d68763892a7b19c22508ab57799c4423c7c8cd61d7eee4c5a6a55a46511949", size = 4461819 },
    { url = "https://files.pythonhosted.org/packages/37/f1/1b220fcd5ef4b1f0ff3e59e733b61597505e47f945606cc877adab2c1a17/cryptography-45.0.2-cp311-abi3-musllinux_1_2_aarch64.whl", hash = "sha256:d2a90ce2f0f5b695e4785ac07c19a58244092f3c85d57db6d8eb1a2b26d2aad6", size = 4329202 },
    { url = "https://files.pythonhosted.org/packages/6d/e0/51d1dc4f96f819a56db70f0b4039b4185055bbb8616135884c3c3acc4c6d/cryptography-45.0.2-cp311-abi3-musllinux_1_2_x86_64.whl", hash = "sha256:59c0c8f043dd376bbd9d4f636223836aed50431af4c5a467ed9bf61520294627", size = 4570412 },
    { url = "https://files.pythonhosted.org/packages/dc/44/88efb40a3600d15277a77cdc69eeeab45a98532078d2a36cffd9325d3b3f/cryptography-45.0.2-cp311-abi3-win32.whl", hash = "sha256:80303ee6a02ef38c4253160446cbeb5c400c07e01d4ddbd4ff722a89b736d95a", size = 2933584 },
    { url = "https://files.pythonhosted.org/packages/d9/a1/bc9f82ba08760442cc8346d1b4e7b769b86d197193c45b42b3595d231e84/cryptography-45.0.2-cp311-abi3-win_amd64.whl", hash = "sha256:7429936146063bd1b2cfc54f0e04016b90ee9b1c908a7bed0800049cbace70eb", size = 3408537 },
    { url = "https://files.pythonhosted.org/packages/59/bc/1b6acb1dca366f9c0b3880888ecd7fcfb68023930d57df854847c6da1d10/cryptography-45.0.2-cp37-abi3-macosx_10_9_universal2.whl", hash = "sha256:e86c8d54cd19a13e9081898b3c24351683fd39d726ecf8e774aaa9d8d96f5f3a", size = 7025581 },
    { url = "https://files.pythonhosted.org/packages/31/a3/a3e4a298d3db4a04085728f5ae6c8cda157e49c5bb784886d463b9fbff70/cryptography-45.0.2-cp37-abi3-manylinux_2_17_aarch64.manylinux2014_aarch64.whl", hash = "sha256:e328357b6bbf79928363dbf13f4635b7aac0306afb7e5ad24d21d0c5761c3253", size = 4189148 },
    { url = "https://files.pythonhosted.org/packages/53/90/100dfadd4663b389cb56972541ec1103490a19ebad0132af284114ba0868/cryptography-45.0.2-cp37-abi3-manylinux_2_17_x86_64.manylinux2014_x86_64.whl", hash = "sha256:49af56491473231159c98c2c26f1a8f3799a60e5cf0e872d00745b858ddac9d2", size = 4424113 },
    { url = "https://files.pythonhosted.org/packages/0d/40/e2b9177dbed6f3fcbbf1942e1acea2fd15b17007204b79d675540dd053af/cryptography-45.0.2-cp37-abi3-manylinux_2_28_aarch64.whl", hash = "sha256:f169469d04a23282de9d0be349499cb6683b6ff1b68901210faacac9b0c24b7d", size = 4189696 },
    { url = "https://files.pythonhosted.org/packages/70/ae/ec29c79f481e1767c2ff916424ba36f3cf7774de93bbd60428a3c52d1357/cryptography-45.0.2-cp37-abi3-manylinux_2_28_armv7l.manylinux_2_31_armv7l.whl", hash = "sha256:9cfd1399064b13043082c660ddd97a0358e41c8b0dc7b77c1243e013d305c344", size = 3881498 },
    { url = "https://files.pythonhosted.org/packages/5f/4a/72937090e5637a232b2f73801c9361cd08404a2d4e620ca4ec58c7ea4b70/cryptography-45.0.2-cp37-abi3-manylinux_2_28_x86_64.whl", hash = "sha256:18f8084b7ca3ce1b8d38bdfe33c48116edf9a08b4d056ef4a96dceaa36d8d965", size = 4451678 },
    { url = "https://files.pythonhosted.org/packages/d3/fa/1377fced81fd67a4a27514248261bb0d45c3c1e02169411fe231583088c8/cryptography-45.0.2-cp37-abi3-manylinux_2_34_aarch64.whl", hash = "sha256:2cb03a944a1a412724d15a7c051d50e63a868031f26b6a312f2016965b661942", size = 4192296 },
    { url = "https://files.pythonhosted.org/packages/d1/cf/b6fe837c83a08b9df81e63299d75fc5b3c6d82cf24b3e1e0e331050e9e5c/cryptography-45.0.2-cp37-abi3-manylinux_2_34_x86_64.whl", hash = "sha256:a9727a21957d3327cf6b7eb5ffc9e4b663909a25fea158e3fcbc49d4cdd7881b", size = 4451749 },
    { url = "https://files.pythonhosted.org/packages/af/d8/5a655675cc635c7190bfc8cffb84bcdc44fc62ce945ad1d844adaa884252/cryptography-45.0.2-cp37-abi3-musllinux_1_2_aarch64.whl", hash = "sha256:ddb8d01aa900b741d6b7cc585a97aff787175f160ab975e21f880e89d810781a", size = 4317601 },
    { url = "https://files.pythonhosted.org/packages/b9/d4/75d2375a20d80aa262a8adee77bf56950e9292929e394b9fae2481803f11/cryptography-45.0.2-cp37-abi3-musllinux_1_2_x86_64.whl", hash = "sha256:c0c000c1a09f069632d8a9eb3b610ac029fcc682f1d69b758e625d6ee713f4ed", size = 4560535 },
    { url = "https://files.pythonhosted.org/packages/aa/18/c3a94474987ebcfb88692036b2ec44880d243fefa73794bdcbf748679a6e/cryptography-45.0.2-cp37-abi3-win32.whl", hash = "sha256:08281de408e7eb71ba3cd5098709a356bfdf65eebd7ee7633c3610f0aa80d79b", size = 2922045 },
    { url = "https://files.pythonhosted.org/packages/63/63/fb28b30c144182fd44ce93d13ab859791adbf923e43bdfb610024bfecda1/cryptography-45.0.2-cp37-abi3-win_amd64.whl", hash = "sha256:48caa55c528617fa6db1a9c3bf2e37ccb31b73e098ac2b71408d1f2db551dde4", size = 3393321 },
]

[[package]]
name = "h11"
version = "0.16.0"
source = { registry = "https://pypi.org/simple" }
sdist = { url = "https://files.pythonhosted.org/packages/01/ee/02a2c011bdab74c6fb3c75474d40b3052059d95df7e73351460c8588d963/h11-0.16.0.tar.gz", hash = "sha256:4e35b956cf45792e4caa5885e69fba00bdbc6ffafbfa020300e549b208ee5ff1", size = 101250 }
wheels = [
    { url = "https://files.pythonhosted.org/packages/04/4b/29cac41a4d98d144bf5f6d33995617b185d14b22401f75ca86f384e87ff1/h11-0.16.0-py3-none-any.whl", hash = "sha256:63cf8bbe7522de3bf65932fda1d9c2772064ffb3dae62d55932da54b31cb6c86", size = 37515 },
]

[[package]]
name = "httpcore"
version = "1.0.9"
source = { registry = "https://pypi.org/simple" }
dependencies = [
    { name = "certifi" },
    { name = "h11" },
]
sdist = { url = "https://files.pythonhosted.org/packages/06/94/82699a10bca87a5556c9c59b5963f2d039dbd239f25bc2a63907a05a14cb/httpcore-1.0.9.tar.gz", hash = "sha256:6e34463af53fd2ab5d807f399a9b45ea31c3dfa2276f15a2c3f00afff6e176e8", size = 85484 }
wheels = [
    { url = "https://files.pythonhosted.org/packages/7e/f5/f66802a942d491edb555dd61e3a9961140fd64c90bce1eafd741609d334d/httpcore-1.0.9-py3-none-any.whl", hash = "sha256:2d400746a40668fc9dec9810239072b40b4484b640a8c38fd654a024c7a1bf55", size = 78784 },
]

[[package]]
name = "httpx"
version = "0.28.1"
source = { registry = "https://pypi.org/simple" }
dependencies = [
    { name = "anyio" },
    { name = "certifi" },
    { name = "httpcore" },
    { name = "idna" },
]
sdist = { url = "https://files.pythonhosted.org/packages/b1/df/48c586a5fe32a0f01324ee087459e112ebb7224f646c0b5023f5e79e9956/httpx-0.28.1.tar.gz", hash = "sha256:75e98c5f16b0f35b567856f597f06ff2270a374470a5c2392242528e3e3e42fc", size = 141406 }
wheels = [
    { url = "https://files.pythonhosted.org/packages/2a/39/e50c7c3a983047577ee07d2a9e53faf5a69493943ec3f6a384bdc792deb2/httpx-0.28.1-py3-none-any.whl", hash = "sha256:d909fcccc110f8c7faf814ca82a9a4d816bc5a6dbfea25d6591d6985b8ba59ad", size = 73517 },
]

[[package]]
name = "idna"
version = "3.10"
source = { registry = "https://pypi.org/simple" }
sdist = { url = "https://files.pythonhosted.org/packages/f1/70/7703c29685631f5a7590aa73f1f1d3fa9a380e654b86af429e0934a32f7d/idna-3.10.tar.gz", hash = "sha256:12f65c9b470abda6dc35cf8e63cc574b1c52b11df2c86030af0ac09b01b13ea9", size = 190490 }
wheels = [
    { url = "https://files.pythonhosted.org/packages/76/c6/c88e154df9c4e1a2a66ccf0005a88dfb2650c1dffb6f5ce603dfbd452ce3/idna-3.10-py3-none-any.whl", hash = "sha256:946d195a0d259cbba61165e88e65941f16e9b36ea6ddb97f00452bae8b1287d3", size = 70442 },
]

[[package]]
name = "joserfc"
version = "1.0.4"
source = { registry = "https://pypi.org/simple" }
dependencies = [
    { name = "cryptography" },
]
sdist = { url = "https://files.pythonhosted.org/packages/6a/e4/4c649e364bafa7cd2dd44ab5c301a721d3ff4942c43feb562deded60b414/joserfc-1.0.4.tar.gz", hash = "sha256:dc3fc216cfcfc952d4c0d4b06c759a04711af0b667e5973adc47dbb1ba784127", size = 172055 }
wheels = [
    { url = "https://files.pythonhosted.org/packages/57/81/a61b8942d94ca222c9df901d2704d2746f49174727e64eb5cd0a21450f1e/joserfc-1.0.4-py3-none-any.whl", hash = "sha256:ecf3a5999f89d3a663485ab7c4f633541586d6f44e664ee760197299f39ed51b", size = 61070 },
]

[[package]]
name = "pycparser"
version = "2.22"
source = { registry = "https://pypi.org/simple" }
sdist = { url = "https://files.pythonhosted.org/packages/1d/b2/31537cf4b1ca988837256c910a668b553fceb8f069bedc4b1c826024b52c/pycparser-2.22.tar.gz", hash = "sha256:491c8be9c040f5390f5bf44a5b07752bd07f56edf992381b05c701439eec10f6", size = 172736 }
wheels = [
    { url = "https://files.pythonhosted.org/packages/13/a3/a812df4e2dd5696d1f351d58b8fe16a405b234ad2886a0dab9183fb78109/pycparser-2.22-py3-none-any.whl", hash = "sha256:c3702b6d3dd8c7abc1afa565d7e63d53a1d0bd86cdc24edd75470f4de499cfcc", size = 117552 },
]

[[package]]
name = "singpass-client"
version = "0.1.0"
source = { editable = "." }
dependencies = [
    { name = "httpx" },
    { name = "joserfc" },
]

[package.metadata]
requires-dist = [
    { name = "httpx", specifier = ">=0.28.1" },
    { name = "joserfc", specifier = ">=1.0.4" },
]

[[package]]
name = "sniffio"
version = "1.3.1"
source = { registry = "https://pypi.org/simple" }
sdist = { url = "https://files.pythonhosted.org/packages/a2/87/a6771e1546d97e7e041b6ae58d80074f81b7d5121207425c964ddf5cfdbd/sniffio-1.3.1.tar.gz", hash = "sha256:f4324edc670a0f49750a81b895f35c3adb843cca46f0530f79fc1babb23789dc", size = 20372 }
wheels = [
    { url = "https://files.pythonhosted.org/packages/e9/44/75a9c9421471a6c4805dbf2356f7c181a29c1879239abab1ea2cc8f38b40/sniffio-1.3.1-py3-none-any.whl", hash = "sha256:2f6da418d1f1e0fddd844478f41680e794e6051915791a034ff65e5f100525a2", size = 10235 },
]

[[package]]
name = "typing-extensions"
version = "4.13.2"
source = { registry = "https://pypi.org/simple" }
sdist = { url = "https://files.pythonhosted.org/packages/f6/37/23083fcd6e35492953e8d2aaaa68b860eb422b34627b13f2ce3eb6106061/typing_extensions-4.13.2.tar.gz", hash = "sha256:e6c81219bd689f51865d9e372991c540bda33a0379d5573cddb9a3a23f7caaef", size = 106967 }
wheels = [
    { url = "https://files.pythonhosted.org/packages/8b/54/b1ae86c0973cc6f0210b53d508ca3641fb6d0c56823f288d108bc7ab3cc8/typing_extensions-4.13.2-py3-none-any.whl", hash = "sha256:a439e7c04b49fec3e5d3e2beaa21755cadbbdc391694e28ccdd36ca4a1408f8c", size = 45806 },
]
