version = 1
revision = 2
requires-python = ">=3.10"

[[package]]
name = "gitdb"
version = "4.0.12"
source = { registry = "https://pypi.org/simple" }
dependencies = [
    { name = "smmap" },
]
sdist = { url = "https://files.pythonhosted.org/packages/72/94/63b0fc47eb32792c7ba1fe1b694daec9a63620db1e313033d18140c2320a/gitdb-4.0.12.tar.gz", hash = "sha256:5ef71f855d191a3326fcfbc0d5da835f26b13fbcba60c32c21091c349ffdb571", size = 394684, upload-time = "2025-01-02T07:20:46.413Z" }
wheels = [
    { url = "https://files.pythonhosted.org/packages/a0/61/5c78b91c3143ed5c14207f463aecfc8f9dbb5092fb2869baf37c273b2705/gitdb-4.0.12-py3-none-any.whl", hash = "sha256:67073e15955400952c6565cc3e707c554a4eea2e428946f7a4c162fab9bd9bcf", size = 62794, upload-time = "2025-01-02T07:20:43.624Z" },
]

[[package]]
name = "gitpython"
version = "3.1.44"
source = { registry = "https://pypi.org/simple" }
dependencies = [
    { name = "gitdb" },
]
sdist = { url = "https://files.pythonhosted.org/packages/c0/89/37df0b71473153574a5cdef8f242de422a0f5d26d7a9e231e6f169b4ad14/gitpython-3.1.44.tar.gz", hash = "sha256:c87e30b26253bf5418b01b0660f818967f3c503193838337fe5e573331249269", size = 214196, upload-time = "2025-01-02T07:32:43.59Z" }
wheels = [
    { url = "https://files.pythonhosted.org/packages/1d/9a/4114a9057db2f1462d5c8f8390ab7383925fe1ac012eaa42402ad65c2963/GitPython-3.1.44-py3-none-any.whl", hash = "sha256:9e0e10cda9bed1ee64bc9a6de50e7e38a9c9943241cd7f585f6df3ed28011110", size = 207599, upload-time = "2025-01-02T07:32:40.731Z" },
]

[[package]]
name = "smflow"
version = "0.3.4"
source = { editable = "." }
dependencies = [
    { name = "gitpython" },
    { name = "uv" },
]

[package.metadata]
requires-dist = [
    { name = "gitpython", specifier = ">=3.1.44" },
    { name = "uv", specifier = ">=0.7.8" },
]

[[package]]
name = "smmap"
version = "5.0.2"
source = { registry = "https://pypi.org/simple" }
sdist = { url = "https://files.pythonhosted.org/packages/44/cd/a040c4b3119bbe532e5b0732286f805445375489fceaec1f48306068ee3b/smmap-5.0.2.tar.gz", hash = "sha256:26ea65a03958fa0c8a1c7e8c7a58fdc77221b8910f6be2131affade476898ad5", size = 22329, upload-time = "2025-01-02T07:14:40.909Z" }
wheels = [
    { url = "https://files.pythonhosted.org/packages/04/be/d09147ad1ec7934636ad912901c5fd7667e1c858e19d355237db0d0cd5e4/smmap-5.0.2-py3-none-any.whl", hash = "sha256:b30115f0def7d7531d22a0fb6502488d879e75b260a9db4d0819cfb25403af5e", size = 24303, upload-time = "2025-01-02T07:14:38.724Z" },
]

[[package]]
name = "uv"
version = "0.7.8"
source = { registry = "https://pypi.org/simple" }
sdist = { url = "https://files.pythonhosted.org/packages/0c/4f/c26b354fc791fb716a990f6b0147c0b5d69351400030654827fb920fd79b/uv-0.7.8.tar.gz", hash = "sha256:a59d6749587946d63d371170d8f69d168ca8f4eade5cf880ad3be2793ea29c77", size = 3258494, upload-time = "2025-05-24T00:28:18.241Z" }
wheels = [
    { url = "https://files.pythonhosted.org/packages/db/48/dd73c6a9b7b18dc1784b243cd5a93c14db34876c5a5cbb215e00be285e05/uv-0.7.8-py3-none-linux_armv6l.whl", hash = "sha256:ff1b7e4bc8a1d260062782ad34d12ce0df068df01d4a0f61d0ddc20aba1a5688", size = 16741809, upload-time = "2025-05-24T00:27:20.873Z" },
    { url = "https://files.pythonhosted.org/packages/b4/bd/0bc26f1f4f476cff93c8ce2d258819b10b9a4e41a9825405788ef25a2300/uv-0.7.8-py3-none-macosx_10_12_x86_64.whl", hash = "sha256:b83866be6a69f680f3d2e36b3befd2661b5596e59e575e266e7446b28efa8319", size = 16836506, upload-time = "2025-05-24T00:27:25.229Z" },
    { url = "https://files.pythonhosted.org/packages/26/28/1573e22b5f109f7779ddf64cb11e8e475ac05cf94e6b79ad3a4494c8c39c/uv-0.7.8-py3-none-macosx_11_0_arm64.whl", hash = "sha256:f749b58a5c348c455083781c92910e49b4ddba85c591eb67e97a8b84db03ef9b", size = 15642479, upload-time = "2025-05-24T00:27:28.866Z" },
    { url = "https://files.pythonhosted.org/packages/ad/f1/3d403896ea1edeea9109cab924e6a724ed7f5fbdabe8e5e9f3e3aa2be95a/uv-0.7.8-py3-none-manylinux_2_17_aarch64.manylinux2014_aarch64.musllinux_1_1_aarch64.whl", hash = "sha256:c058ee0f8c20b0942bd9f5c83a67b46577fa79f5691df8867b8e0f2d74cbadb1", size = 16043352, upload-time = "2025-05-24T00:27:31.911Z" },
    { url = "https://files.pythonhosted.org/packages/c7/2e/a914e491af320be503db26ff57f1b328738d1d7419cdb690e6e31d87ae16/uv-0.7.8-py3-none-manylinux_2_17_armv7l.manylinux2014_armv7l.whl", hash = "sha256:2a07bdf9d6aadef40dd4edbe209bca698a3d3244df5285d40d2125f82455519c", size = 16413446, upload-time = "2025-05-24T00:27:35.363Z" },
    { url = "https://files.pythonhosted.org/packages/c3/cc/a396870530db7661eac080d276eba25df1b6c930f50c721f8402370acd12/uv-0.7.8-py3-none-manylinux_2_17_i686.manylinux2014_i686.whl", hash = "sha256:13af6b94563f25bdca6bb73e294648af9c0b165af5bb60f0c913ab125ec45e06", size = 17188599, upload-time = "2025-05-24T00:27:38.979Z" },
    { url = "https://files.pythonhosted.org/packages/d0/96/299bd3895d630e28593dcc54f4c4dbd72e12b557288c6d153987bbd62f34/uv-0.7.8-py3-none-manylinux_2_17_ppc64.manylinux2014_ppc64.whl", hash = "sha256:4acc09c06d6cf7a27e0f1de4edb8c1698b8a3ffe34f322b10f4c145989e434b9", size = 18105049, upload-time = "2025-05-24T00:27:42.194Z" },
    { url = "https://files.pythonhosted.org/packages/8f/a4/9fa0b6a4540950fe7fa66d37c44228d6ad7bb6d42f66e16f4f96e20fd50c/uv-0.7.8-py3-none-manylinux_2_17_ppc64le.manylinux2014_ppc64le.whl", hash = "sha256:9221a9679f2ffd031b71b735b84f58d5a2f1adf9bfa59c8e82a5201dad7db466", size = 17777603, upload-time = "2025-05-24T00:27:45.695Z" },
    { url = "https://files.pythonhosted.org/packages/d7/62/988cca0f1723406ff22edd6a9fb5e3e1d4dd0af103d8c3a64effadc685fd/uv-0.7.8-py3-none-manylinux_2_17_s390x.manylinux2014_s390x.whl", hash = "sha256:409cee21edcaf4a7c714893656ab4dd0814a15659cb4b81c6929cbb75cd2d378", size = 22222113, upload-time = "2025-05-24T00:27:49.172Z" },
    { url = "https://files.pythonhosted.org/packages/06/36/0e7943d9415560aa9fdd775d0bb4b9c06b69c543f0647210e5b84776658b/uv-0.7.8-py3-none-manylinux_2_17_x86_64.manylinux2014_x86_64.whl", hash = "sha256:81ac0bb371979f48d1293f9c1bee691680ea6a724f16880c8f76718f5ff50049", size = 17454597, upload-time = "2025-05-24T00:27:52.478Z" },
    { url = "https://files.pythonhosted.org/packages/bb/70/666be8dbc6a49e1a096f4577d69c4e6f78b3d9228fa2844d1bece21f5cd0/uv-0.7.8-py3-none-manylinux_2_28_aarch64.whl", hash = "sha256:3c620cecd6f3cdab59b316f41c2b1c4d1b709d9d5226cadeec370cfeed56f80c", size = 16335744, upload-time = "2025-05-24T00:27:55.657Z" },
    { url = "https://files.pythonhosted.org/packages/24/a5/c1fbffc8b62121c0d07aa66e7e5135065ff881ebb85ba307664125f4c51c/uv-0.7.8-py3-none-musllinux_1_1_armv7l.whl", hash = "sha256:0c691090ff631dde788c8f4f1b1ea20f9deb9d805289796dcf10bc4a144a817e", size = 16439468, upload-time = "2025-05-24T00:27:58.599Z" },
    { url = "https://files.pythonhosted.org/packages/65/95/a079658721b88d483c97a1765f9fd4f1b8b4fa601f2889d86824244861f2/uv-0.7.8-py3-none-musllinux_1_1_i686.whl", hash = "sha256:4a117fe3806ba4ebb9c68fdbf91507e515a883dfab73fa863df9bc617d6de7a3", size = 16740156, upload-time = "2025-05-24T00:28:01.657Z" },
    { url = "https://files.pythonhosted.org/packages/14/69/a2d110786c4cf093d788cfcde9e99c634af087555f0bf9ceafc009d051ed/uv-0.7.8-py3-none-musllinux_1_1_x86_64.whl", hash = "sha256:91d022235b39e59bab4bce7c4b634dc67e16fa89725cdfb2149a6ef7eaf6d784", size = 17569652, upload-time = "2025-05-24T00:28:04.903Z" },
    { url = "https://files.pythonhosted.org/packages/6f/56/db6db0dc20114b76eb48dbd5167a26a2ebe51e8b604b4e84c5ef84ef4103/uv-0.7.8-py3-none-win32.whl", hash = "sha256:6ebe252f34c50b09b7f641f8e603d7b627f579c76f181680c757012b808be456", size = 16958006, upload-time = "2025-05-24T00:28:07.996Z" },
    { url = "https://files.pythonhosted.org/packages/4b/80/5c78a9adc50fa3b7cca3a0c1245dff8c74d906ab53c3503b1f8133243930/uv-0.7.8-py3-none-win_amd64.whl", hash = "sha256:b5b62ca8a1bea5fdbf8a6372eabb03376dffddb5d139688bbb488c0719fa52fc", size = 18457129, upload-time = "2025-05-24T00:28:11.844Z" },
    { url = "https://files.pythonhosted.org/packages/15/52/fd76b44942ac308e1dbbebea8b23de67a0f891a54d5e51346c3c3564dd9b/uv-0.7.8-py3-none-win_arm64.whl", hash = "sha256:ad79388b0c6eff5383b963d8d5ddcb7fbb24b0b82bf5d0c8b1bdbfbe445cb868", size = 17177058, upload-time = "2025-05-24T00:28:15.561Z" },
]
