gitlab.com/HiSakDev/go-encoding v0.1.0 h1:G8vet+1NuyT/M7FS8uCGc6pIh8UeLbJHsS+m5McLgio=
gitlab.com/HiSakDev/go-encoding v0.1.0/go.mod h1:cgBFB17BWi8DfnGGAyPqk2LWK99v+MFurVMc3goy9pg=
golang.org/x/text v0.25.0 h1:qVyWApTSYLk/drJRO5mDlNYskwQznZmkpV2c8q9zls4=
golang.org/x/text v0.25.0/go.mod h1:WEdwpYrmk1qmdHvhkSTNPm3app7v4rsT8F2UD6+VHIA=
