# generated by rye
# use `rye lock` or `rye sync` to update this lockfile
#
# last locked with the following flags:
#   pre: false
#   features: []
#   all-features: false
#   with-sources: false
#   generate-hashes: false
#   universal: false

-e file:.
betterproto==1.2.5
    # via autonomous-proto
black==25.1.0
    # via betterproto
click==8.1.8
    # via black
grpcio==1.71.0
    # via grpcio-tools
grpcio-tools==1.71.0
    # via autonomous-proto
grpclib==0.4.7
    # via betterproto
h2==4.2.0
    # via grpclib
hpack==4.1.0
    # via h2
hyperframe==6.1.0
    # via h2
jinja2==3.1.6
    # via betterproto
markupsafe==3.0.2
    # via jinja2
multidict==6.4.3
    # via grpclib
mypy-extensions==1.0.0
    # via black
packaging==25.0
    # via black
pathspec==0.12.1
    # via black
platformdirs==4.3.7
    # via black
protobuf==5.29.4
    # via betterproto
    # via grpcio-tools
setuptools==78.1.1
    # via grpcio-tools
stringcase==1.2.0
    # via autonomous-proto
    # via betterproto
tomli==2.2.1
    # via black
typing-extensions==4.13.2
    # via black
    # via multidict
